// !$*UTF8*$!
{
	archiveVersion = 1;
	classes = {
	};
	objectVersion = 51;
	objects = {

/* Begin PBXBuildFile section */
		276D3F340C273FF9A8794BA8 /* Pods_WavyDisplayUITests.framework in Frameworks */ = {isa = PBXBuildFile; fileRef = 0ABC43D0B781AB6104894057 /* Pods_WavyDisplayUITests.framework */; };
		43F9171AEC120253733053A6 /* Pods_WavyDisplay.framework in Frameworks */ = {isa = PBXBuildFile; fileRef = C0C3649EE3B21F462F705225 /* Pods_WavyDisplay.framework */; };
		527F83F822B8E1D90045E58D /* ListUsersViewController.swift in Sources */ = {isa = PBXBuildFile; fileRef = 527F83F722B8E1D90045E58D /* ListUsersViewController.swift */; };
		527F83FA22B8E38F0045E58D /* Company.swift in Sources */ = {isa = PBXBuildFile; fileRef = 527F83F922B8E38F0045E58D /* Company.swift */; };
		527F83FC22B8E3C30045E58D /* Geo.swift in Sources */ = {isa = PBXBuildFile; fileRef = 527F83FB22B8E3C30045E58D /* Geo.swift */; };
		527F83FE22B8E4060045E58D /* Address.swift in Sources */ = {isa = PBXBuildFile; fileRef = 527F83FD22B8E4060045E58D /* Address.swift */; };
		527F840022B8E44B0045E58D /* User.swift in Sources */ = {isa = PBXBuildFile; fileRef = 527F83FF22B8E44B0045E58D /* User.swift */; };
		527F840222B8EA290045E58D /* UserContentViewController.swift in Sources */ = {isa = PBXBuildFile; fileRef = 527F840122B8EA290045E58D /* UserContentViewController.swift */; };
		52C7890622B8D40B00E518B2 /* AppDelegate.swift in Sources */ = {isa = PBXBuildFile; fileRef = 52C7890522B8D40B00E518B2 /* AppDelegate.swift */; };
		52C7890B22B8D40B00E518B2 /* Main.storyboard in Resources */ = {isa = PBXBuildFile; fileRef = 52C7890922B8D40B00E518B2 /* Main.storyboard */; };
		52C7890D22B8D40C00E518B2 /* Assets.xcassets in Resources */ = {isa = PBXBuildFile; fileRef = 52C7890C22B8D40C00E518B2 /* Assets.xcassets */; };
		52C7891022B8D40C00E518B2 /* LaunchScreen.storyboard in Resources */ = {isa = PBXBuildFile; fileRef = 52C7890E22B8D40C00E518B2 /* LaunchScreen.storyboard */; };
		52C7891B22B8D40C00E518B2 /* WavyDisplayTests.swift in Sources */ = {isa = PBXBuildFile; fileRef = 52C7891A22B8D40C00E518B2 /* WavyDisplayTests.swift */; };
		52C7892622B8D40C00E518B2 /* WavyDisplayUITests.swift in Sources */ = {isa = PBXBuildFile; fileRef = 52C7892522B8D40C00E518B2 /* WavyDisplayUITests.swift */; };
		BE55B3FF747374CBA79F3195 /* Pods_WavyDisplayTests.framework in Frameworks */ = {isa = PBXBuildFile; fileRef = A62FA1C9BD5AC4F9916FB1E5 /* Pods_WavyDisplayTests.framework */; };
/* End PBXBuildFile section */

/* Begin PBXContainerItemProxy section */
		52C7891722B8D40C00E518B2 /* PBXContainerItemProxy */ = {
			isa = PBXContainerItemProxy;
			containerPortal = 52C788FA22B8D40B00E518B2 /* Project object */;
			proxyType = 1;
			remoteGlobalIDString = 52C7890122B8D40B00E518B2;
			remoteInfo = WavyDisplay;
		};
		52C7892222B8D40C00E518B2 /* PBXContainerItemProxy */ = {
			isa = PBXContainerItemProxy;
			containerPortal = 52C788FA22B8D40B00E518B2 /* Project object */;
			proxyType = 1;
			remoteGlobalIDString = 52C7890122B8D40B00E518B2;
			remoteInfo = WavyDisplay;
		};
/* End PBXContainerItemProxy section */

/* Begin PBXFileReference section */
		0ABC43D0B781AB6104894057 /* Pods_WavyDisplayUITests.framework */ = {isa = PBXFileReference; explicitFileType = wrapper.framework; includeInIndex = 0; path = Pods_WavyDisplayUITests.framework; sourceTree = BUILT_PRODUCTS_DIR; };
		527F83F722B8E1D90045E58D /* ListUsersViewController.swift */ = {isa = PBXFileReference; lastKnownFileType = sourcecode.swift; path = ListUsersViewController.swift; sourceTree = "<group>"; };
		527F83F922B8E38F0045E58D /* Company.swift */ = {isa = PBXFileReference; lastKnownFileType = sourcecode.swift; path = Company.swift; sourceTree = "<group>"; };
		527F83FB22B8E3C30045E58D /* Geo.swift */ = {isa = PBXFileReference; lastKnownFileType = sourcecode.swift; path = Geo.swift; sourceTree = "<group>"; };
		527F83FD22B8E4060045E58D /* Address.swift */ = {isa = PBXFileReference; lastKnownFileType = sourcecode.swift; path = Address.swift; sourceTree = "<group>"; };
		527F83FF22B8E44B0045E58D /* User.swift */ = {isa = PBXFileReference; lastKnownFileType = sourcecode.swift; path = User.swift; sourceTree = "<group>"; };
		527F840122B8EA290045E58D /* UserContentViewController.swift */ = {isa = PBXFileReference; lastKnownFileType = sourcecode.swift; path = UserContentViewController.swift; sourceTree = "<group>"; };
		52934F0C30FD97657E1C173F /* Pods-WavyDisplayTests.debug.xcconfig */ = {isa = PBXFileReference; includeInIndex = 1; lastKnownFileType = text.xcconfig; name = "Pods-WavyDisplayTests.debug.xcconfig"; path = "Target Support Files/Pods-WavyDisplayTests/Pods-WavyDisplayTests.debug.xcconfig"; sourceTree = "<group>"; };
		52C7890222B8D40B00E518B2 /* WavyDisplay.app */ = {isa = PBXFileReference; explicitFileType = wrapper.application; includeInIndex = 0; path = WavyDisplay.app; sourceTree = BUILT_PRODUCTS_DIR; };
		52C7890522B8D40B00E518B2 /* AppDelegate.swift */ = {isa = PBXFileReference; lastKnownFileType = sourcecode.swift; path = AppDelegate.swift; sourceTree = "<group>"; };
		52C7890A22B8D40B00E518B2 /* Base */ = {isa = PBXFileReference; lastKnownFileType = file.storyboard; name = Base; path = Base.lproj/Main.storyboard; sourceTree = "<group>"; };
		52C7890C22B8D40C00E518B2 /* Assets.xcassets */ = {isa = PBXFileReference; lastKnownFileType = folder.assetcatalog; path = Assets.xcassets; sourceTree = "<group>"; };
		52C7890F22B8D40C00E518B2 /* Base */ = {isa = PBXFileReference; lastKnownFileType = file.storyboard; name = Base; path = Base.lproj/LaunchScreen.storyboard; sourceTree = "<group>"; };
		52C7891122B8D40C00E518B2 /* Info.plist */ = {isa = PBXFileReference; lastKnownFileType = text.plist.xml; path = Info.plist; sourceTree = "<group>"; };
		52C7891622B8D40C00E518B2 /* WavyDisplayTests.xctest */ = {isa = PBXFileReference; explicitFileType = wrapper.cfbundle; includeInIndex = 0; path = WavyDisplayTests.xctest; sourceTree = BUILT_PRODUCTS_DIR; };
		52C7891A22B8D40C00E518B2 /* WavyDisplayTests.swift */ = {isa = PBXFileReference; lastKnownFileType = sourcecode.swift; path = WavyDisplayTests.swift; sourceTree = "<group>"; };
		52C7891C22B8D40C00E518B2 /* Info.plist */ = {isa = PBXFileReference; lastKnownFileType = text.plist.xml; path = Info.plist; sourceTree = "<group>"; };
		52C7892122B8D40C00E518B2 /* WavyDisplayUITests.xctest */ = {isa = PBXFileReference; explicitFileType = wrapper.cfbundle; includeInIndex = 0; path = WavyDisplayUITests.xctest; sourceTree = BUILT_PRODUCTS_DIR; };
		52C7892522B8D40C00E518B2 /* WavyDisplayUITests.swift */ = {isa = PBXFileReference; lastKnownFileType = sourcecode.swift; path = WavyDisplayUITests.swift; sourceTree = "<group>"; };
		52C7892722B8D40C00E518B2 /* Info.plist */ = {isa = PBXFileReference; lastKnownFileType = text.plist.xml; path = Info.plist; sourceTree = "<group>"; };
		961D2C9E64C9798EE88722D2 /* Pods-WavyDisplay.release.xcconfig */ = {isa = PBXFileReference; includeInIndex = 1; lastKnownFileType = text.xcconfig; name = "Pods-WavyDisplay.release.xcconfig"; path = "Target Support Files/Pods-WavyDisplay/Pods-WavyDisplay.release.xcconfig"; sourceTree = "<group>"; };
		A62FA1C9BD5AC4F9916FB1E5 /* Pods_WavyDisplayTests.framework */ = {isa = PBXFileReference; explicitFileType = wrapper.framework; includeInIndex = 0; path = Pods_WavyDisplayTests.framework; sourceTree = BUILT_PRODUCTS_DIR; };
		A88915396B5DDAF60C8C52CE /* Pods-WavyDisplay.debug.xcconfig */ = {isa = PBXFileReference; includeInIndex = 1; lastKnownFileType = text.xcconfig; name = "Pods-WavyDisplay.debug.xcconfig"; path = "Target Support Files/Pods-WavyDisplay/Pods-WavyDisplay.debug.xcconfig"; sourceTree = "<group>"; };
		B36293D28EF98674947929BF /* Pods-WavyDisplayTests.release.xcconfig */ = {isa = PBXFileReference; includeInIndex = 1; lastKnownFileType = text.xcconfig; name = "Pods-WavyDisplayTests.release.xcconfig"; path = "Target Support Files/Pods-WavyDisplayTests/Pods-WavyDisplayTests.release.xcconfig"; sourceTree = "<group>"; };
		BB1400B8B164E33E7F28D57B /* Pods-WavyDisplayUITests.release.xcconfig */ = {isa = PBXFileReference; includeInIndex = 1; lastKnownFileType = text.xcconfig; name = "Pods-WavyDisplayUITests.release.xcconfig"; path = "Target Support Files/Pods-WavyDisplayUITests/Pods-WavyDisplayUITests.release.xcconfig"; sourceTree = "<group>"; };
		C0C3649EE3B21F462F705225 /* Pods_WavyDisplay.framework */ = {isa = PBXFileReference; explicitFileType = wrapper.framework; includeInIndex = 0; path = Pods_WavyDisplay.framework; sourceTree = BUILT_PRODUCTS_DIR; };
		E1C0B958759EC659C243318C /* Pods-WavyDisplayUITests.debug.xcconfig */ = {isa = PBXFileReference; includeInIndex = 1; lastKnownFileType = text.xcconfig; name = "Pods-WavyDisplayUITests.debug.xcconfig"; path = "Target Support Files/Pods-WavyDisplayUITests/Pods-WavyDisplayUITests.debug.xcconfig"; sourceTree = "<group>"; };
/* End PBXFileReference section */

/* Begin PBXFrameworksBuildPhase section */
		52C788FF22B8D40B00E518B2 /* Frameworks */ = {
			isa = PBXFrameworksBuildPhase;
			buildActionMask = 2147483647;
			files = (
				43F9171AEC120253733053A6 /* Pods_WavyDisplay.framework in Frameworks */,
			);
			runOnlyForDeploymentPostprocessing = 0;
		};
		52C7891322B8D40C00E518B2 /* Frameworks */ = {
			isa = PBXFrameworksBuildPhase;
			buildActionMask = 2147483647;
			files = (
				BE55B3FF747374CBA79F3195 /* Pods_WavyDisplayTests.framework in Frameworks */,
			);
			runOnlyForDeploymentPostprocessing = 0;
		};
		52C7891E22B8D40C00E518B2 /* Frameworks */ = {
			isa = PBXFrameworksBuildPhase;
			buildActionMask = 2147483647;
			files = (
				276D3F340C273FF9A8794BA8 /* Pods_WavyDisplayUITests.framework in Frameworks */,
			);
			runOnlyForDeploymentPostprocessing = 0;
		};
/* End PBXFrameworksBuildPhase section */

/* Begin PBXGroup section */
		52C788F922B8D40B00E518B2 = {
			isa = PBXGroup;
			children = (
				52C7890422B8D40B00E518B2 /* WavyDisplay */,
				52C7891922B8D40C00E518B2 /* WavyDisplayTests */,
				52C7892422B8D40C00E518B2 /* WavyDisplayUITests */,
				52C7890322B8D40B00E518B2 /* Products */,
				6BF71AEC663781A5E2A13E74 /* Pods */,
				F8C93BD55871726AD51C9899 /* Frameworks */,
			);
			sourceTree = "<group>";
		};
		52C7890322B8D40B00E518B2 /* Products */ = {
			isa = PBXGroup;
			children = (
				52C7890222B8D40B00E518B2 /* WavyDisplay.app */,
				52C7891622B8D40C00E518B2 /* WavyDisplayTests.xctest */,
				52C7892122B8D40C00E518B2 /* WavyDisplayUITests.xctest */,
			);
			name = Products;
			sourceTree = "<group>";
		};
		52C7890422B8D40B00E518B2 /* WavyDisplay */ = {
			isa = PBXGroup;
			children = (
				52C7890522B8D40B00E518B2 /* AppDelegate.swift */,
				527F83F722B8E1D90045E58D /* ListUsersViewController.swift */,
				527F83F922B8E38F0045E58D /* Company.swift */,
				527F83FD22B8E4060045E58D /* Address.swift */,
				527F83FF22B8E44B0045E58D /* User.swift */,
				527F83FB22B8E3C30045E58D /* Geo.swift */,
				52C7890922B8D40B00E518B2 /* Main.storyboard */,
				527F840122B8EA290045E58D /* UserContentViewController.swift */,
				52C7890C22B8D40C00E518B2 /* Assets.xcassets */,
				52C7890E22B8D40C00E518B2 /* LaunchScreen.storyboard */,
				52C7891122B8D40C00E518B2 /* Info.plist */,
			);
			path = WavyDisplay;
			sourceTree = "<group>";
		};
		52C7891922B8D40C00E518B2 /* WavyDisplayTests */ = {
			isa = PBXGroup;
			children = (
				52C7891A22B8D40C00E518B2 /* WavyDisplayTests.swift */,
				52C7891C22B8D40C00E518B2 /* Info.plist */,
			);
			path = WavyDisplayTests;
			sourceTree = "<group>";
		};
		52C7892422B8D40C00E518B2 /* WavyDisplayUITests */ = {
			isa = PBXGroup;
			children = (
				52C7892522B8D40C00E518B2 /* WavyDisplayUITests.swift */,
				52C7892722B8D40C00E518B2 /* Info.plist */,
			);
			path = WavyDisplayUITests;
			sourceTree = "<group>";
		};
		6BF71AEC663781A5E2A13E74 /* Pods */ = {
			isa = PBXGroup;
			children = (
				A88915396B5DDAF60C8C52CE /* Pods-WavyDisplay.debug.xcconfig */,
				961D2C9E64C9798EE88722D2 /* Pods-WavyDisplay.release.xcconfig */,
				52934F0C30FD97657E1C173F /* Pods-WavyDisplayTests.debug.xcconfig */,
				B36293D28EF98674947929BF /* Pods-WavyDisplayTests.release.xcconfig */,
				E1C0B958759EC659C243318C /* Pods-WavyDisplayUITests.debug.xcconfig */,
				BB1400B8B164E33E7F28D57B /* Pods-WavyDisplayUITests.release.xcconfig */,
			);
			path = Pods;
			sourceTree = "<group>";
		};
		F8C93BD55871726AD51C9899 /* Frameworks */ = {
			isa = PBXGroup;
			children = (
				C0C3649EE3B21F462F705225 /* Pods_WavyDisplay.framework */,
				A62FA1C9BD5AC4F9916FB1E5 /* Pods_WavyDisplayTests.framework */,
				0ABC43D0B781AB6104894057 /* Pods_WavyDisplayUITests.framework */,
			);
			name = Frameworks;
			sourceTree = "<group>";
		};
/* End PBXGroup section */

/* Begin PBXNativeTarget section */
		52C7890122B8D40B00E518B2 /* WavyDisplay */ = {
			isa = PBXNativeTarget;
			buildConfigurationList = 52C7892A22B8D40C00E518B2 /* Build configuration list for PBXNativeTarget "WavyDisplay" */;
			buildPhases = (
				3DB669261E512D34F2FBDA63 /* [CP] Check Pods Manifest.lock */,
				52C788FE22B8D40B00E518B2 /* Sources */,
				52C788FF22B8D40B00E518B2 /* Frameworks */,
				52C7890022B8D40B00E518B2 /* Resources */,
				D6CB48795ACDE6D40314805E /* [CP] Embed Pods Frameworks */,
			);
			buildRules = (
			);
			dependencies = (
			);
			name = WavyDisplay;
			productName = WavyDisplay;
			productReference = 52C7890222B8D40B00E518B2 /* WavyDisplay.app */;
			productType = "com.apple.product-type.application";
		};
		52C7891522B8D40C00E518B2 /* WavyDisplayTests */ = {
			isa = PBXNativeTarget;
			buildConfigurationList = 52C7892D22B8D40C00E518B2 /* Build configuration list for PBXNativeTarget "WavyDisplayTests" */;
			buildPhases = (
				7588A47A432C759383100283 /* [CP] Check Pods Manifest.lock */,
				52C7891222B8D40C00E518B2 /* Sources */,
				52C7891322B8D40C00E518B2 /* Frameworks */,
				52C7891422B8D40C00E518B2 /* Resources */,
			);
			buildRules = (
			);
			dependencies = (
				52C7891822B8D40C00E518B2 /* PBXTargetDependency */,
			);
			name = WavyDisplayTests;
			productName = WavyDisplayTests;
			productReference = 52C7891622B8D40C00E518B2 /* WavyDisplayTests.xctest */;
			productType = "com.apple.product-type.bundle.unit-test";
		};
		52C7892022B8D40C00E518B2 /* WavyDisplayUITests */ = {
			isa = PBXNativeTarget;
			buildConfigurationList = 52C7893022B8D40C00E518B2 /* Build configuration list for PBXNativeTarget "WavyDisplayUITests" */;
			buildPhases = (
				F5E39D47C5CE2DAD4501F15E /* [CP] Check Pods Manifest.lock */,
				52C7891D22B8D40C00E518B2 /* Sources */,
				52C7891E22B8D40C00E518B2 /* Frameworks */,
				52C7891F22B8D40C00E518B2 /* Resources */,
			);
			buildRules = (
			);
			dependencies = (
				52C7892322B8D40C00E518B2 /* PBXTargetDependency */,
			);
			name = WavyDisplayUITests;
			productName = WavyDisplayUITests;
			productReference = 52C7892122B8D40C00E518B2 /* WavyDisplayUITests.xctest */;
			productType = "com.apple.product-type.bundle.ui-testing";
		};
/* End PBXNativeTarget section */

/* Begin PBXProject section */
		52C788FA22B8D40B00E518B2 /* Project object */ = {
			isa = PBXProject;
			attributes = {
				LastSwiftUpdateCheck = 1020;
				LastUpgradeCheck = 1020;
				ORGANIZATIONNAME = "Nouaille-Degorce";
				TargetAttributes = {
					52C7890122B8D40B00E518B2 = {
						CreatedOnToolsVersion = 10.2.1;
					};
					52C7891522B8D40C00E518B2 = {
						CreatedOnToolsVersion = 10.2.1;
						TestTargetID = 52C7890122B8D40B00E518B2;
					};
					52C7892022B8D40C00E518B2 = {
						CreatedOnToolsVersion = 10.2.1;
						TestTargetID = 52C7890122B8D40B00E518B2;
					};
				};
			};
			buildConfigurationList = 52C788FD22B8D40B00E518B2 /* Build configuration list for PBXProject "WavyDisplay" */;
			compatibilityVersion = "Xcode 9.3";
			developmentRegion = en;
			hasScannedForEncodings = 0;
			knownRegions = (
				en,
				Base,
			);
			mainGroup = 52C788F922B8D40B00E518B2;
			productRefGroup = 52C7890322B8D40B00E518B2 /* Products */;
			projectDirPath = "";
			projectRoot = "";
			targets = (
				52C7890122B8D40B00E518B2 /* WavyDisplay */,
				52C7891522B8D40C00E518B2 /* WavyDisplayTests */,
				52C7892022B8D40C00E518B2 /* WavyDisplayUITests */,
			);
		};
/* End PBXProject section */

/* Begin PBXResourcesBuildPhase section */
		52C7890022B8D40B00E518B2 /* Resources */ = {
			isa = PBXResourcesBuildPhase;
			buildActionMask = 2147483647;
			files = (
				52C7891022B8D40C00E518B2 /* LaunchScreen.storyboard in Resources */,
				52C7890D22B8D40C00E518B2 /* Assets.xcassets in Resources */,
				52C7890B22B8D40B00E518B2 /* Main.storyboard in Resources */,
			);
			runOnlyForDeploymentPostprocessing = 0;
		};
		52C7891422B8D40C00E518B2 /* Resources */ = {
			isa = PBXResourcesBuildPhase;
			buildActionMask = 2147483647;
			files = (
			);
			runOnlyForDeploymentPostprocessing = 0;
		};
		52C7891F22B8D40C00E518B2 /* Resources */ = {
			isa = PBXResourcesBuildPhase;
			buildActionMask = 2147483647;
			files = (
			);
			runOnlyForDeploymentPostprocessing = 0;
		};
/* End PBXResourcesBuildPhase section */

/* Begin PBXShellScriptBuildPhase section */
		3DB669261E512D34F2FBDA63 /* [CP] Check Pods Manifest.lock */ = {
			isa = PBXShellScriptBuildPhase;
			buildActionMask = 2147483647;
			files = (
			);
			inputFileListPaths = (
			);
			inputPaths = (
				"${PODS_PODFILE_DIR_PATH}/Podfile.lock",
				"${PODS_ROOT}/Manifest.lock",
			);
			name = "[CP] Check Pods Manifest.lock";
			outputFileListPaths = (
			);
			outputPaths = (
				"$(DERIVED_FILE_DIR)/Pods-WavyDisplay-checkManifestLockResult.txt",
			);
			runOnlyForDeploymentPostprocessing = 0;
			shellPath = /bin/sh;
			shellScript = "diff \"${PODS_PODFILE_DIR_PATH}/Podfile.lock\" \"${PODS_ROOT}/Manifest.lock\" > /dev/null\nif [ $? != 0 ] ; then\n    # print error to STDERR\n    echo \"error: The sandbox is not in sync with the Podfile.lock. Run 'pod install' or update your CocoaPods installation.\" >&2\n    exit 1\nfi\n# This output is used by Xcode 'outputs' to avoid re-running this script phase.\necho \"SUCCESS\" > \"${SCRIPT_OUTPUT_FILE_0}\"\n";
			showEnvVarsInLog = 0;
		};
		7588A47A432C759383100283 /* [CP] Check Pods Manifest.lock */ = {
			isa = PBXShellScriptBuildPhase;
			buildActionMask = 2147483647;
			files = (
			);
			inputFileListPaths = (
			);
			inputPaths = (
				"${PODS_PODFILE_DIR_PATH}/Podfile.lock",
				"${PODS_ROOT}/Manifest.lock",
			);
			name = "[CP] Check Pods Manifest.lock";
			outputFileListPaths = (
			);
			outputPaths = (
				"$(DERIVED_FILE_DIR)/Pods-WavyDisplayTests-checkManifestLockResult.txt",
			);
			runOnlyForDeploymentPostprocessing = 0;
			shellPath = /bin/sh;
			shellScript = "diff \"${PODS_PODFILE_DIR_PATH}/Podfile.lock\" \"${PODS_ROOT}/Manifest.lock\" > /dev/null\nif [ $? != 0 ] ; then\n    # print error to STDERR\n    echo \"error: The sandbox is not in sync with the Podfile.lock. Run 'pod install' or update your CocoaPods installation.\" >&2\n    exit 1\nfi\n# This output is used by Xcode 'outputs' to avoid re-running this script phase.\necho \"SUCCESS\" > \"${SCRIPT_OUTPUT_FILE_0}\"\n";
			showEnvVarsInLog = 0;
		};
		D6CB48795ACDE6D40314805E /* [CP] Embed Pods Frameworks */ = {
			isa = PBXShellScriptBuildPhase;
			buildActionMask = 2147483647;
			files = (
			);
			inputFileListPaths = (
				"${PODS_ROOT}/Target Support Files/Pods-WavyDisplay/Pods-WavyDisplay-frameworks-${CONFIGURATION}-input-files.xcfilelist",
			);
			name = "[CP] Embed Pods Frameworks";
			outputFileListPaths = (
				"${PODS_ROOT}/Target Support Files/Pods-WavyDisplay/Pods-WavyDisplay-frameworks-${CONFIGURATION}-output-files.xcfilelist",
			);
			runOnlyForDeploymentPostprocessing = 0;
			shellPath = /bin/sh;
			shellScript = "\"${PODS_ROOT}/Target Support Files/Pods-WavyDisplay/Pods-WavyDisplay-frameworks.sh\"\n";
			showEnvVarsInLog = 0;
		};
		F5E39D47C5CE2DAD4501F15E /* [CP] Check Pods Manifest.lock */ = {
			isa = PBXShellScriptBuildPhase;
			buildActionMask = 2147483647;
			files = (
			);
			inputFileListPaths = (
			);
			inputPaths = (
				"${PODS_PODFILE_DIR_PATH}/Podfile.lock",
				"${PODS_ROOT}/Manifest.lock",
			);
			name = "[CP] Check Pods Manifest.lock";
			outputFileListPaths = (
			);
			outputPaths = (
				"$(DERIVED_FILE_DIR)/Pods-WavyDisplayUITests-checkManifestLockResult.txt",
			);
			runOnlyForDeploymentPostprocessing = 0;
			shellPath = /bin/sh;
			shellScript = "diff \"${PODS_PODFILE_DIR_PATH}/Podfile.lock\" \"${PODS_ROOT}/Manifest.lock\" > /dev/null\nif [ $? != 0 ] ; then\n    # print error to STDERR\n    echo \"error: The sandbox is not in sync with the Podfile.lock. Run 'pod install' or update your CocoaPods installation.\" >&2\n    exit 1\nfi\n# This output is used by Xcode 'outputs' to avoid re-running this script phase.\necho \"SUCCESS\" > \"${SCRIPT_OUTPUT_FILE_0}\"\n";
			showEnvVarsInLog = 0;
		};
/* End PBXShellScriptBuildPhase section */

/* Begin PBXSourcesBuildPhase section */
		52C788FE22B8D40B00E518B2 /* Sources */ = {
			isa = PBXSourcesBuildPhase;
			buildActionMask = 2147483647;
			files = (
				527F83F822B8E1D90045E58D /* ListUsersViewController.swift in Sources */,
				52C7890622B8D40B00E518B2 /* AppDelegate.swift in Sources */,
				527F840022B8E44B0045E58D /* User.swift in Sources */,
				527F83FA22B8E38F0045E58D /* Company.swift in Sources */,
				527F83FC22B8E3C30045E58D /* Geo.swift in Sources */,
				527F840222B8EA290045E58D /* UserContentViewController.swift in Sources */,
				527F83FE22B8E4060045E58D /* Address.swift in Sources */,
			);
			runOnlyForDeploymentPostprocessing = 0;
		};
		52C7891222B8D40C00E518B2 /* Sources */ = {
			isa = PBXSourcesBuildPhase;
			buildActionMask = 2147483647;
			files = (
				52C7891B22B8D40C00E518B2 /* WavyDisplayTests.swift in Sources */,
			);
			runOnlyForDeploymentPostprocessing = 0;
		};
		52C7891D22B8D40C00E518B2 /* Sources */ = {
			isa = PBXSourcesBuildPhase;
			buildActionMask = 2147483647;
			files = (
				52C7892622B8D40C00E518B2 /* WavyDisplayUITests.swift in Sources */,
			);
			runOnlyForDeploymentPostprocessing = 0;
		};
/* End PBXSourcesBuildPhase section */

/* Begin PBXTargetDependency section */
		52C7891822B8D40C00E518B2 /* PBXTargetDependency */ = {
			isa = PBXTargetDependency;
			target = 52C7890122B8D40B00E518B2 /* WavyDisplay */;
			targetProxy = 52C7891722B8D40C00E518B2 /* PBXContainerItemProxy */;
		};
		52C7892322B8D40C00E518B2 /* PBXTargetDependency */ = {
			isa = PBXTargetDependency;
			target = 52C7890122B8D40B00E518B2 /* WavyDisplay */;
			targetProxy = 52C7892222B8D40C00E518B2 /* PBXContainerItemProxy */;
		};
/* End PBXTargetDependency section */

/* Begin PBXVariantGroup section */
		52C7890922B8D40B00E518B2 /* Main.storyboard */ = {
			isa = PBXVariantGroup;
			children = (
				52C7890A22B8D40B00E518B2 /* Base */,
			);
			name = Main.storyboard;
			sourceTree = "<group>";
		};
		52C7890E22B8D40C00E518B2 /* LaunchScreen.storyboard */ = {
			isa = PBXVariantGroup;
			children = (
				52C7890F22B8D40C00E518B2 /* Base */,
			);
			name = LaunchScreen.storyboard;
			sourceTree = "<group>";
		};
/* End PBXVariantGroup section */

/* Begin XCBuildConfiguration section */
		52C7892822B8D40C00E518B2 /* Debug */ = {
			isa = XCBuildConfiguration;
			buildSettings = {
				ALWAYS_SEARCH_USER_PATHS = NO;
				CLANG_ANALYZER_NONNULL = YES;
				CLANG_ANALYZER_NUMBER_OBJECT_CONVERSION = YES_AGGRESSIVE;
				CLANG_CXX_LANGUAGE_STANDARD = "gnu++14";
				CLANG_CXX_LIBRARY = "libc++";
				CLANG_ENABLE_MODULES = YES;
				CLANG_ENABLE_OBJC_ARC = YES;
				CLANG_ENABLE_OBJC_WEAK = YES;
				CLANG_WARN_BLOCK_CAPTURE_AUTORELEASING = YES;
				CLANG_WARN_BOOL_CONVERSION = YES;
				CLANG_WARN_COMMA = YES;
				CLANG_WARN_CONSTANT_CONVERSION = YES;
				CLANG_WARN_DEPRECATED_OBJC_IMPLEMENTATIONS = YES;
				CLANG_WARN_DIRECT_OBJC_ISA_USAGE = YES_ERROR;
				CLANG_WARN_DOCUMENTATION_COMMENTS = YES;
				CLANG_WARN_EMPTY_BODY = YES;
				CLANG_WARN_ENUM_CONVERSION = YES;
				CLANG_WARN_INFINITE_RECURSION = YES;
				CLANG_WARN_INT_CONVERSION = YES;
				CLANG_WARN_NON_LITERAL_NULL_CONVERSION = YES;
				CLANG_WARN_OBJC_IMPLICIT_RETAIN_SELF = YES;
				CLANG_WARN_OBJC_LITERAL_CONVERSION = YES;
				CLANG_WARN_OBJC_ROOT_CLASS = YES_ERROR;
				CLANG_WARN_RANGE_LOOP_ANALYSIS = YES;
				CLANG_WARN_STRICT_PROTOTYPES = YES;
				CLANG_WARN_SUSPICIOUS_MOVE = YES;
				CLANG_WARN_UNGUARDED_AVAILABILITY = YES_AGGRESSIVE;
				CLANG_WARN_UNREACHABLE_CODE = YES;
				CLANG_WARN__DUPLICATE_METHOD_MATCH = YES;
				CODE_SIGN_IDENTITY = "iPhone Developer";
				COPY_PHASE_STRIP = NO;
				DEBUG_INFORMATION_FORMAT = dwarf;
				ENABLE_STRICT_OBJC_MSGSEND = YES;
				ENABLE_TESTABILITY = YES;
				GCC_C_LANGUAGE_STANDARD = gnu11;
				GCC_DYNAMIC_NO_PIC = NO;
				GCC_NO_COMMON_BLOCKS = YES;
				GCC_OPTIMIZATION_LEVEL = 0;
				GCC_PREPROCESSOR_DEFINITIONS = (
					"DEBUG=1",
					"$(inherited)",
				);
				GCC_WARN_64_TO_32_BIT_CONVERSION = YES;
				GCC_WARN_ABOUT_RETURN_TYPE = YES_ERROR;
				GCC_WARN_UNDECLARED_SELECTOR = YES;
				GCC_WARN_UNINITIALIZED_AUTOS = YES_AGGRESSIVE;
				GCC_WARN_UNUSED_FUNCTION = YES;
				GCC_WARN_UNUSED_VARIABLE = YES;
				IPHONEOS_DEPLOYMENT_TARGET = 12.2;
				MTL_ENABLE_DEBUG_INFO = INCLUDE_SOURCE;
				MTL_FAST_MATH = YES;
				ONLY_ACTIVE_ARCH = YES;
				SDKROOT = iphoneos;
				SWIFT_ACTIVE_COMPILATION_CONDITIONS = DEBUG;
				SWIFT_OPTIMIZATION_LEVEL = "-Onone";
			};
			name = Debug;
		};
		52C7892922B8D40C00E518B2 /* Release */ = {
			isa = XCBuildConfiguration;
			buildSettings = {
				ALWAYS_SEARCH_USER_PATHS = NO;
				CLANG_ANALYZER_NONNULL = YES;
				CLANG_ANALYZER_NUMBER_OBJECT_CONVERSION = YES_AGGRESSIVE;
				CLANG_CXX_LANGUAGE_STANDARD = "gnu++14";
				CLANG_CXX_LIBRARY = "libc++";
				CLANG_ENABLE_MODULES = YES;
				CLANG_ENABLE_OBJC_ARC = YES;
				CLANG_ENABLE_OBJC_WEAK = YES;
				CLANG_WARN_BLOCK_CAPTURE_AUTORELEASING = YES;
				CLANG_WARN_BOOL_CONVERSION = YES;
				CLANG_WARN_COMMA = YES;
				CLANG_WARN_CONSTANT_CONVERSION = YES;
				CLANG_WARN_DEPRECATED_OBJC_IMPLEMENTATIONS = YES;
				CLANG_WARN_DIRECT_OBJC_ISA_USAGE = YES_ERROR;
				CLANG_WARN_DOCUMENTATION_COMMENTS = YES;
				CLANG_WARN_EMPTY_BODY = YES;
				CLANG_WARN_ENUM_CONVERSION = YES;
				CLANG_WARN_INFINITE_RECURSION = YES;
				CLANG_WARN_INT_CONVERSION = YES;
				CLANG_WARN_NON_LITERAL_NULL_CONVERSION = YES;
				CLANG_WARN_OBJC_IMPLICIT_RETAIN_SELF = YES;
				CLANG_WARN_OBJC_LITERAL_CONVERSION = YES;
				CLANG_WARN_OBJC_ROOT_CLASS = YES_ERROR;
				CLANG_WARN_RANGE_LOOP_ANALYSIS = YES;
				CLANG_WARN_STRICT_PROTOTYPES = YES;
				CLANG_WARN_SUSPICIOUS_MOVE = YES;
				CLANG_WARN_UNGUARDED_AVAILABILITY = YES_AGGRESSIVE;
				CLANG_WARN_UNREACHABLE_CODE = YES;
				CLANG_WARN__DUPLICATE_METHOD_MATCH = YES;
				CODE_SIGN_IDENTITY = "iPhone Developer";
				COPY_PHASE_STRIP = NO;
				DEBUG_INFORMATION_FORMAT = "dwarf-with-dsym";
				ENABLE_NS_ASSERTIONS = NO;
				ENABLE_STRICT_OBJC_MSGSEND = YES;
				GCC_C_LANGUAGE_STANDARD = gnu11;
				GCC_NO_COMMON_BLOCKS = YES;
				GCC_WARN_64_TO_32_BIT_CONVERSION = YES;
				GCC_WARN_ABOUT_RETURN_TYPE = YES_ERROR;
				GCC_WARN_UNDECLARED_SELECTOR = YES;
				GCC_WARN_UNINITIALIZED_AUTOS = YES_AGGRESSIVE;
				GCC_WARN_UNUSED_FUNCTION = YES;
				GCC_WARN_UNUSED_VARIABLE = YES;
				IPHONEOS_DEPLOYMENT_TARGET = 12.2;
				MTL_ENABLE_DEBUG_INFO = NO;
				MTL_FAST_MATH = YES;
				SDKROOT = iphoneos;
				SWIFT_COMPILATION_MODE = wholemodule;
				SWIFT_OPTIMIZATION_LEVEL = "-O";
				VALIDATE_PRODUCT = YES;
			};
			name = Release;
		};
		52C7892B22B8D40C00E518B2 /* Debug */ = {
			isa = XCBuildConfiguration;
			baseConfigurationReference = A88915396B5DDAF60C8C52CE /* Pods-WavyDisplay.debug.xcconfig */;
			buildSettings = {
				ASSETCATALOG_COMPILER_APPICON_NAME = AppIcon;
				CODE_SIGN_STYLE = Automatic;
				DEVELOPMENT_TEAM = VJTMCHPY3Z;
				INFOPLIST_FILE = WavyDisplay/Info.plist;
				LD_RUNPATH_SEARCH_PATHS = (
					"$(inherited)",
					"@executable_path/Frameworks",
				);
				PRODUCT_BUNDLE_IDENTIFIER = "com.nouaille-degorce.WavyDisplay";
				PRODUCT_NAME = "$(TARGET_NAME)";
				SWIFT_VERSION = 5.0;
				TARGETED_DEVICE_FAMILY = "1,2";
			};
			name = Debug;
		};
		52C7892C22B8D40C00E518B2 /* Release */ = {
			isa = XCBuildConfiguration;
			baseConfigurationReference = 961D2C9E64C9798EE88722D2 /* Pods-WavyDisplay.release.xcconfig */;
			buildSettings = {
				ASSETCATALOG_COMPILER_APPICON_NAME = AppIcon;
				CODE_SIGN_STYLE = Automatic;
				DEVELOPMENT_TEAM = VJTMCHPY3Z;
				INFOPLIST_FILE = WavyDisplay/Info.plist;
				LD_RUNPATH_SEARCH_PATHS = (
					"$(inherited)",
					"@executable_path/Frameworks",
				);
				PRODUCT_BUNDLE_IDENTIFIER = "com.nouaille-degorce.WavyDisplay";
				PRODUCT_NAME = "$(TARGET_NAME)";
				SWIFT_VERSION = 5.0;
				TARGETED_DEVICE_FAMILY = "1,2";
			};
			name = Release;
		};
		52C7892E22B8D40C00E518B2 /* Debug */ = {
			isa = XCBuildConfiguration;
			baseConfigurationReference = 52934F0C30FD97657E1C173F /* Pods-WavyDisplayTests.debug.xcconfig */;
			buildSettings = {
				ALWAYS_EMBED_SWIFT_STANDARD_LIBRARIES = YES;
				BUNDLE_LOADER = "$(TEST_HOST)";
				CODE_SIGN_STYLE = Automatic;
				DEVELOPMENT_TEAM = VJTMCHPY3Z;
				INFOPLIST_FILE = WavyDisplayTests/Info.plist;
				LD_RUNPATH_SEARCH_PATHS = (
					"$(inherited)",
					"@executable_path/Frameworks",
					"@loader_path/Frameworks",
				);
				PRODUCT_BUNDLE_IDENTIFIER = "com.nouaille-degorce.WavyDisplayTests";
				PRODUCT_NAME = "$(TARGET_NAME)";
				SWIFT_VERSION = 5.0;
				TARGETED_DEVICE_FAMILY = "1,2";
				TEST_HOST = "$(BUILT_PRODUCTS_DIR)/WavyDisplay.app/WavyDisplay";
			};
			name = Debug;
		};
		52C7892F22B8D40C00E518B2 /* Release */ = {
			isa = XCBuildConfiguration;
			baseConfigurationReference = B36293D28EF98674947929BF /* Pods-WavyDisplayTests.release.xcconfig */;
			buildSettings = {
				ALWAYS_EMBED_SWIFT_STANDARD_LIBRARIES = YES;
				BUNDLE_LOADER = "$(TEST_HOST)";
				CODE_SIGN_STYLE = Automatic;
				DEVELOPMENT_TEAM = VJTMCHPY3Z;
				INFOPLIST_FILE = WavyDisplayTests/Info.plist;
				LD_RUNPATH_SEARCH_PATHS = (
					"$(inherited)",
					"@executable_path/Frameworks",
					"@loader_path/Frameworks",
				);
				PRODUCT_BUNDLE_IDENTIFIER = "com.nouaille-degorce.WavyDisplayTests";
				PRODUCT_NAME = "$(TARGET_NAME)";
				SWIFT_VERSION = 5.0;
				TARGETED_DEVICE_FAMILY = "1,2";
				TEST_HOST = "$(BUILT_PRODUCTS_DIR)/WavyDisplay.app/WavyDisplay";
			};
			name = Release;
		};
		52C7893122B8D40C00E518B2 /* Debug */ = {
			isa = XCBuildConfiguration;
			baseConfigurationReference = E1C0B958759EC659C243318C /* Pods-WavyDisplayUITests.debug.xcconfig */;
			buildSettings = {
				ALWAYS_EMBED_SWIFT_STANDARD_LIBRARIES = YES;
				CODE_SIGN_STYLE = Automatic;
				DEVELOPMENT_TEAM = VJTMCHPY3Z;
				INFOPLIST_FILE = WavyDisplayUITests/Info.plist;
				LD_RUNPATH_SEARCH_PATHS = (
					"$(inherited)",
					"@executable_path/Frameworks",
					"@loader_path/Frameworks",
				);
				PRODUCT_BUNDLE_IDENTIFIER = "com.nouaille-degorce.WavyDisplayUITests";
				PRODUCT_NAME = "$(TARGET_NAME)";
				SWIFT_VERSION = 5.0;
				TARGETED_DEVICE_FAMILY = "1,2";
				TEST_TARGET_NAME = WavyDisplay;
			};
			name = Debug;
		};
		52C7893222B8D40C00E518B2 /* Release */ = {
			isa = XCBuildConfiguration;
			baseConfigurationReference = BB1400B8B164E33E7F28D57B /* Pods-WavyDisplayUITests.release.xcconfig */;
			buildSettings = {
				ALWAYS_EMBED_SWIFT_STANDARD_LIBRARIES = YES;
				CODE_SIGN_STYLE = Automatic;
				DEVELOPMENT_TEAM = VJTMCHPY3Z;
				INFOPLIST_FILE = WavyDisplayUITests/Info.plist;
				LD_RUNPATH_SEARCH_PATHS = (
					"$(inherited)",
					"@executable_path/Frameworks",
					"@loader_path/Frameworks",
				);
				PRODUCT_BUNDLE_IDENTIFIER = "com.nouaille-degorce.WavyDisplayUITests";
				PRODUCT_NAME = "$(TARGET_NAME)";
				SWIFT_VERSION = 5.0;
				TARGETED_DEVICE_FAMILY = "1,2";
				TEST_TARGET_NAME = WavyDisplay;
			};
			name = Release;
		};
/* End XCBuildConfiguration section */

/* Begin XCConfigurationList section */
		52C788FD22B8D40B00E518B2 /* Build configuration list for PBXProject "WavyDisplay" */ = {
			isa = XCConfigurationList;
			buildConfigurations = (
				52C7892822B8D40C00E518B2 /* Debug */,
				52C7892922B8D40C00E518B2 /* Release */,
			);
			defaultConfigurationIsVisible = 0;
			defaultConfigurationName = Release;
		};
		52C7892A22B8D40C00E518B2 /* Build configuration list for PBXNativeTarget "WavyDisplay" */ = {
			isa = XCConfigurationList;
			buildConfigurations = (
				52C7892B22B8D40C00E518B2 /* Debug */,
				52C7892C22B8D40C00E518B2 /* Release */,
			);
			defaultConfigurationIsVisible = 0;
			defaultConfigurationName = Release;
		};
		52C7892D22B8D40C00E518B2 /* Build configuration list for PBXNativeTarget "WavyDisplayTests" */ = {
			isa = XCConfigurationList;
			buildConfigurations = (
				52C7892E22B8D40C00E518B2 /* Debug */,
				52C7892F22B8D40C00E518B2 /* Release */,
			);
			defaultConfigurationIsVisible = 0;
			defaultConfigurationName = Release;
		};
		52C7893022B8D40C00E518B2 /* Build configuration list for PBXNativeTarget "WavyDisplayUITests" */ = {
			isa = XCConfigurationList;
			buildConfigurations = (
				52C7893122B8D40C00E518B2 /* Debug */,
				52C7893222B8D40C00E518B2 /* Release */,
			);
			defaultConfigurationIsVisible = 0;
			defaultConfigurationName = Release;
		};
/* End XCConfigurationList section */
	};
	rootObject = 52C788FA22B8D40B00E518B2 /* Project object */;
}
